// !$*UTF8*$!
{
	archiveVersion = 1;
	classes = {
	};
	objectVersion = 46;
	objects = {

/* Begin PBXBuildFile section */
		07D8067C1C27186000929DB1 /* AppDelegate.swift in Sources */ = {isa = PBXBuildFile; fileRef = 07D8067B1C27186000929DB1 /* AppDelegate.swift */; };
		07D8067E1C27186000929DB1 /* ViewController.swift in Sources */ = {isa = PBXBuildFile; fileRef = 07D8067D1C27186000929DB1 /* ViewController.swift */; };
		07D806811C27186000929DB1 /* Main.storyboard in Resources */ = {isa = PBXBuildFile; fileRef = 07D8067F1C27186000929DB1 /* Main.storyboard */; };
		07D806831C27186000929DB1 /* Assets.xcassets in Resources */ = {isa = PBXBuildFile; fileRef = 07D806821C27186000929DB1 /* Assets.xcassets */; };
		07D806861C27186000929DB1 /* LaunchScreen.storyboard in Resources */ = {isa = PBXBuildFile; fileRef = 07D806841C27186000929DB1 /* LaunchScreen.storyboard */; };
/* End PBXBuildFile section */

/* Begin PBXFileReference section */
		07D806781C27186000929DB1 /* 18.app */ = {isa = PBXFileReference; explicitFileType = wrapper.application; includeInIndex = 0; path = 18.app; sourceTree = BUILT_PRODUCTS_DIR; };
		07D8067B1C27186000929DB1 /* AppDelegate.swift */ = {isa = PBXFileReference; lastKnownFileType = sourcecode.swift; path = AppDelegate.swift; sourceTree = "<group>"; };
		07D8067D1C27186000929DB1 /* ViewController.swift */ = {isa = PBXFileReference; lastKnownFileType = sourcecode.swift; path = ViewController.swift; sourceTree = "<group>"; };
		07D806801C27186000929DB1 /* Base */ = {isa = PBXFileReference; lastKnownFileType = file.storyboard; name = Base; path = Base.lproj/Main.storyboard; sourceTree = "<group>"; };
		07D806821C27186000929DB1 /* Assets.xcassets */ = {isa = PBXFileReference; lastKnownFileType = folder.assetcatalog; path = Assets.xcassets; sourceTree = "<group>"; };
		07D806851C27186000929DB1 /* Base */ = {isa = PBXFileReference; lastKnownFileType = file.storyboard; name = Base; path = Base.lproj/LaunchScreen.storyboard; sourceTree = "<group>"; };
		07D806871C27186000929DB1 /* Info.plist */ = {isa = PBXFileReference; lastKnownFileType = text.plist.xml; path = Info.plist; sourceTree = "<group>"; };
/* End PBXFileReference section */

/* Begin PBXFrameworksBuildPhase section */
		07D806751C27186000929DB1 /* Frameworks */ = {
			isa = PBXFrameworksBuildPhase;
			buildActionMask = 2147483647;
			files = (
			);
			runOnlyForDeploymentPostprocessing = 0;
		};
/* End PBXFrameworksBuildPhase section */

/* Begin PBXGroup section */
		07D8066F1C27186000929DB1 = {
			isa = PBXGroup;
			children = (
				07D8067A1C27186000929DB1 /* 18 */,
				07D806791C27186000929DB1 /* Products */,
			);
			sourceTree = "<group>";
		};
		07D806791C27186000929DB1 /* Products */ = {
			isa = PBXGroup;
			children = (
				07D806781C27186000929DB1 /* 18.app */,
			);
			name = Products;
			sourceTree = "<group>";
		};
		07D8067A1C27186000929DB1 /* 18 */ = {
			isa = PBXGroup;
			children = (
				07D8067B1C27186000929DB1 /* AppDelegate.swift */,
				07D8067D1C27186000929DB1 /* ViewController.swift */,
				07D8067F1C27186000929DB1 /* Main.storyboard */,
				07D806821C27186000929DB1 /* Assets.xcassets */,
				07D806841C27186000929DB1 /* LaunchScreen.storyboard */,
				07D806871C27186000929DB1 /* Info.plist */,
			);
			path = 18;
			sourceTree = "<group>";
		};
/* End PBXGroup section */

/* Begin PBXNativeTarget section */
		07D806771C27186000929DB1 /* 18 */ = {
			isa = PBXNativeTarget;
			buildConfigurationList = 07D8068A1C27186000929DB1 /* Build configuration list for PBXNativeTarget "18" */;
			buildPhases = (
				07D806741C27186000929DB1 /* Sources */,
				07D806751C27186000929DB1 /* Frameworks */,
				07D806761C27186000929DB1 /* Resources */,
			);
			buildRules = (
			);
			dependencies = (
			);
			name = 18;
			productName = 18;
			productReference = 07D806781C27186000929DB1 /* 18.app */;
			productType = "com.apple.product-type.application";
		};
/* End PBXNativeTarget section */

/* Begin PBXProject section */
		07D806701C27186000929DB1 /* Project object */ = {
			isa = PBXProject;
			attributes = {
				LastSwiftUpdateCheck = 0720;
				LastUpgradeCheck = 0720;
				ORGANIZATIONNAME = "Cengiz Barkın Öztürk";
				TargetAttributes = {
					07D806771C27186000929DB1 = {
						CreatedOnToolsVersion = 7.2;
					};
				};
			};
			buildConfigurationList = 07D806731C27186000929DB1 /* Build configuration list for PBXProject "18" */;
			compatibilityVersion = "Xcode 3.2";
			developmentRegion = English;
			hasScannedForEncodings = 0;
			knownRegions = (
				en,
				Base,
			);
			mainGroup = 07D8066F1C27186000929DB1;
			productRefGroup = 07D806791C27186000929DB1 /* Products */;
			projectDirPath = "";
			projectRoot = "";
			targets = (
				07D806771C27186000929DB1 /* 18 */,
			);
		};
/* End PBXProject section */

/* Begin PBXResourcesBuildPhase section */
		07D806761C27186000929DB1 /* Resources */ = {
			isa = PBXResourcesBuildPhase;
			buildActionMask = 2147483647;
			files = (
				07D806861C27186000929DB1 /* LaunchScreen.storyboard in Resources */,
				07D806831C27186000929DB1 /* Assets.xcassets in Resources */,
				07D806811C27186000929DB1 /* Main.storyboard in Resources */,
			);
			runOnlyForDeploymentPostprocessing = 0;
		};
/* End PBXResourcesBuildPhase section */

/* Begin PBXSourcesBuildPhase section */
		07D806741C27186000929DB1 /* Sources */ = {
			isa = PBXSourcesBuildPhase;
			buildActionMask = 2147483647;
			files = (
				07D8067E1C27186000929DB1 /* ViewController.swift in Sources */,
				07D8067C1C27186000929DB1 /* AppDelegate.swift in Sources */,
			);
			runOnlyForDeploymentPostprocessing = 0;
		};
/* End PBXSourcesBuildPhase section */

/* Begin PBXVariantGroup section */
		07D8067F1C27186000929DB1 /* Main.storyboard */ = {
			isa = PBXVariantGroup;
			children = (
				07D806801C27186000929DB1 /* Base */,
			);
			name = Main.storyboard;
			sourceTree = "<group>";
		};
		07D806841C27186000929DB1 /* LaunchScreen.storyboard */ = {
			isa = PBXVariantGroup;
			children = (
				07D806851C27186000929DB1 /* Base */,
			);
			name = LaunchScreen.storyboard;
			sourceTree = "<group>";
		};
/* End PBXVariantGroup section */

/* Begin XCBuildConfiguration section */
		07D806881C27186000929DB1 /* Debug */ = {
			isa = XCBuildConfiguration;
			buildSettings = {
				ALWAYS_SEARCH_USER_PATHS = NO;
				CLANG_CXX_LANGUAGE_STANDARD = "gnu++0x";
				CLANG_CXX_LIBRARY = "libc++";
				CLANG_ENABLE_MODULES = YES;
				CLANG_ENABLE_OBJC_ARC = YES;
				CLANG_WARN_BOOL_CONVERSION = YES;
				CLANG_WARN_CONSTANT_CONVERSION = YES;
				CLANG_WARN_DIRECT_OBJC_ISA_USAGE = YES_ERROR;
				CLANG_WARN_EMPTY_BODY = YES;
				CLANG_WARN_ENUM_CONVERSION = YES;
				CLANG_WARN_INT_CONVERSION = YES;
				CLANG_WARN_OBJC_ROOT_CLASS = YES_ERROR;
				CLANG_WARN_UNREACHABLE_CODE = YES;
				CLANG_WARN__DUPLICATE_METHOD_MATCH = YES;
				"CODE_SIGN_IDENTITY[sdk=iphoneos*]" = "iPhone Developer";
				COPY_PHASE_STRIP = NO;
				DEBUG_INFORMATION_FORMAT = dwarf;
				ENABLE_STRICT_OBJC_MSGSEND = YES;
				ENABLE_TESTABILITY = YES;
				GCC_C_LANGUAGE_STANDARD = gnu99;
				GCC_DYNAMIC_NO_PIC = NO;
				GCC_NO_COMMON_BLOCKS = YES;
				GCC_OPTIMIZATION_LEVEL = 0;
				GCC_PREPROCESSOR_DEFINITIONS = (
					"DEBUG=1",
					"$(inherited)",
				);
				GCC_WARN_64_TO_32_BIT_CONVERSION = YES;
				GCC_WARN_ABOUT_RETURN_TYPE = YES_ERROR;
				GCC_WARN_UNDECLARED_SELECTOR = YES;
				GCC_WARN_UNINITIALIZED_AUTOS = YES_AGGRESSIVE;
				GCC_WARN_UNUSED_FUNCTION = YES;
				GCC_WARN_UNUSED_VARIABLE = YES;
				IPHONEOS_DEPLOYMENT_TARGET = 9.2;
				MTL_ENABLE_DEBUG_INFO = YES;
				ONLY_ACTIVE_ARCH = YES;
				SDKROOT = iphoneos;
				SWIFT_OPTIMIZATION_LEVEL = "-Onone";
			};
			name = Debug;
		};
		07D806891C27186000929DB1 /* Release */ = {
			isa = XCBuildConfiguration;
			buildSettings = {
				ALWAYS_SEARCH_USER_PATHS = NO;
				CLANG_CXX_LANGUAGE_STANDARD = "gnu++0x";
				CLANG_CXX_LIBRARY = "libc++";
				CLANG_ENABLE_MODULES = YES;
				CLANG_ENABLE_OBJC_ARC = YES;
				CLANG_WARN_BOOL_CONVERSION = YES;
				CLANG_WARN_CONSTANT_CONVERSION = YES;
				CLANG_WARN_DIRECT_OBJC_ISA_USAGE = YES_ERROR;
				CLANG_WARN_EMPTY_BODY = YES;
				CLANG_WARN_ENUM_CONVERSION = YES;
				CLANG_WARN_INT_CONVERSION = YES;
				CLANG_WARN_OBJC_ROOT_CLASS = YES_ERROR;
				CLANG_WARN_UNREACHABLE_CODE = YES;
				CLANG_WARN__DUPLICATE_METHOD_MATCH = YES;
				"CODE_SIGN_IDENTITY[sdk=iphoneos*]" = "iPhone Developer";
				COPY_PHASE_STRIP = NO;
				DEBUG_INFORMATION_FORMAT = "dwarf-with-dsym";
				ENABLE_NS_ASSERTIONS = NO;
				ENABLE_STRICT_OBJC_MSGSEND = YES;
				GCC_C_LANGUAGE_STANDARD = gnu99;
				GCC_NO_COMMON_BLOCKS = YES;
				GCC_WARN_64_TO_32_BIT_CONVERSION = YES;
				GCC_WARN_ABOUT_RETURN_TYPE = YES_ERROR;
				GCC_WARN_UNDECLARED_SELECTOR = YES;
				GCC_WARN_UNINITIALIZED_AUTOS = YES_AGGRESSIVE;
				GCC_WARN_UNUSED_FUNCTION = YES;
				GCC_WARN_UNUSED_VARIABLE = YES;
				IPHONEOS_DEPLOYMENT_TARGET = 9.2;
				MTL_ENABLE_DEBUG_INFO = NO;
				SDKROOT = iphoneos;
				VALIDATE_PRODUCT = YES;
			};
			name = Release;
		};
		07D8068B1C27186000929DB1 /* Debug */ = {
			isa = XCBuildConfiguration;
			buildSettings = {
				ASSETCATALOG_COMPILER_APPICON_NAME = AppIcon;
				INFOPLIST_FILE = 18/Info.plist;
				LD_RUNPATH_SEARCH_PATHS = "$(inherited) @executable_path/Frameworks";
				PRODUCT_BUNDLE_IDENTIFIER = "com.penaton.-8";
				PRODUCT_NAME = "$(TARGET_NAME)";
			};
			name = Debug;
		};
		07D8068C1C27186000929DB1 /* Release */ = {
			isa = XCBuildConfiguration;
			buildSettings = {
				ASSETCATALOG_COMPILER_APPICON_NAME = AppIcon;
				INFOPLIST_FILE = 18/Info.plist;
				LD_RUNPATH_SEARCH_PATHS = "$(inherited) @executable_path/Frameworks";
				PRODUCT_BUNDLE_IDENTIFIER = "com.penaton.-8";
				PRODUCT_NAME = "$(TARGET_NAME)";
			};
			name = Release;
		};
/* End XCBuildConfiguration section */

/* Begin XCConfigurationList section */
		07D806731C27186000929DB1 /* Build configuration list for PBXProject "18" */ = {
			isa = XCConfigurationList;
			buildConfigurations = (
				07D806881C27186000929DB1 /* Debug */,
				07D806891C27186000929DB1 /* Release */,
			);
			defaultConfigurationIsVisible = 0;
			defaultConfigurationName = Release;
		};
		07D8068A1C27186000929DB1 /* Build configuration list for PBXNativeTarget "18" */ = {
			isa = XCConfigurationList;
			buildConfigurations = (
				07D8068B1C27186000929DB1 /* Debug */,
				07D8068C1C27186000929DB1 /* Release */,
			);
			defaultConfigurationIsVisible = 0;
		};
/* End XCConfigurationList section */
	};
	rootObject = 07D806701C27186000929DB1 /* Project object */;
}
